
Microsoft Visual Studio Solution File, Format Version 12.00
# Visual Studio Version 17
VisualStudioVersion = 17.1.32228.430
MinimumVisualStudioVersion = 10.0.40219.1
Project("{FAE04EC0-301F-11D3-BF4B-00C04F79EFBC}") = "IRF_4", "IRF_4\IRF_4.csproj", "{3823CE92-DC0B-4B8E-BD55-CA8575D1E1A5}"
EndProject
Global
	GlobalSection(SolutionConfigurationPlatforms) = preSolution
		Debug|Any CPU = Debug|Any CPU
		Release|Any CPU = Release|Any CPU
	EndGlobalSection
	GlobalSection(ProjectConfigurationPlatforms) = postSolution
		{3823CE92-DC0B-4B8E-BD55-CA8575D1E1A5}.Debug|Any CPU.ActiveCfg = Debug|Any CPU
		{3823CE92-DC0B-4B8E-BD55-CA8575D1E1A5}.Debug|Any CPU.Build.0 = Debug|Any CPU
		{3823CE92-DC0B-4B8E-BD55-CA8575D1E1A5}.Release|Any CPU.ActiveCfg = Release|Any CPU
		{3823CE92-DC0B-4B8E-BD55-CA8575D1E1A5}.Release|Any CPU.Build.0 = Release|Any CPU
	EndGlobalSection
	GlobalSection(SolutionProperties) = preSolution
		HideSolutionNode = FALSE
	EndGlobalSection
	GlobalSection(ExtensibilityGlobals) = postSolution
		SolutionGuid = {61567B30-7D08-4684-9DAD-65BAB6DFF86F}
	EndGlobalSection
EndGlobal
