
Microsoft Visual Studio Solution File, Format Version 12.00
# Visual Studio Version 17
VisualStudioVersion = 17.1.32228.430
MinimumVisualStudioVersion = 10.0.40219.1
Project("{FAE04EC0-301F-11D3-BF4B-00C04F79EFBC}") = "IRF_07", "IRF_07\IRF_07.csproj", "{7A09E9BA-0282-4970-AD82-5C9C8492F370}"
EndProject
Global
	GlobalSection(SolutionConfigurationPlatforms) = preSolution
		Debug|Any CPU = Debug|Any CPU
		Release|Any CPU = Release|Any CPU
	EndGlobalSection
	GlobalSection(ProjectConfigurationPlatforms) = postSolution
		{7A09E9BA-0282-4970-AD82-5C9C8492F370}.Debug|Any CPU.ActiveCfg = Debug|Any CPU
		{7A09E9BA-0282-4970-AD82-5C9C8492F370}.Debug|Any CPU.Build.0 = Debug|Any CPU
		{7A09E9BA-0282-4970-AD82-5C9C8492F370}.Release|Any CPU.ActiveCfg = Release|Any CPU
		{7A09E9BA-0282-4970-AD82-5C9C8492F370}.Release|Any CPU.Build.0 = Release|Any CPU
	EndGlobalSection
	GlobalSection(SolutionProperties) = preSolution
		HideSolutionNode = FALSE
	EndGlobalSection
	GlobalSection(ExtensibilityGlobals) = postSolution
		SolutionGuid = {FE6E9A44-AC97-4E14-B53F-AF87C2798B9A}
	EndGlobalSection
EndGlobal
